{
    "_meta": {
        "hash": {
            "sha256": "77ce6141d3e929b9ca25714af8107dd80b78d219a4a57184d13401c5b0c97b41"
        },
        "pipfile-spec": 6,
        "requires": {
            "python_full_version": "3.13.4",
            "python_version": "3.13"
        },
        "sources": [
            {
                "name": "pypi",
                "url": "https://pypi.org/simple",
                "verify_ssl": true
            }
        ]
    },
    "default": {
        "asgiref": {
            "hashes": [
                "sha256:a5ab6582236218e5ef1648f242fd9f10626cfd4de8dc377db215d5d5098e3142",
                "sha256:f3bba7092a48005b5f5bacd747d36ee4a5a61f4a269a6df590b43144355ebd2c"
            ],
            "index": "pypi",
            "markers": "python_version >= '3.9'",
            "version": "==3.9.1"
        },
        "certifi": {
            "hashes": [
                "sha256:0f212c2744a9bb6de0c56639a6f68afe01ecd92d91f14ae897c4fe7bbeeef0de",
                "sha256:47c09d31ccf2acf0be3f701ea53595ee7e0b8fa08801c6624be771df09ae7b43"
            ],
            "index": "pypi",
            "markers": "python_version >= '3.7'",
            "version": "==2025.10.5"
        },
        "charset-normalizer": {
            "hashes": [
                "sha256:00237675befef519d9af72169d8604a067d92755e84fe76492fef5441db05b91",
                "sha256:02425242e96bcf29a49711b0ca9f37e451da7c70562bc10e8ed992a5a7a25cc0",
                "sha256:027b776c26d38b7f15b26a5da1044f376455fb3766df8fc38563b4efbc515154",
                "sha256:07a0eae9e2787b586e129fdcbe1af6997f8d0e5abaa0bc98c0e20e124d67e601",
                "sha256:0cacf8f7297b0c4fcb74227692ca46b4a5852f8f4f24b3c766dd94a1075c4884",
                "sha256:0e78314bdc32fa80696f72fa16dc61168fda4d6a0c014e0380f9d02f0e5d8a07",
                "sha256:0f2be7e0cf7754b9a30eb01f4295cc3d4358a479843b31f328afd210e2c7598c",
                "sha256:13faeacfe61784e2559e690fc53fa4c5ae97c6fcedb8eb6fb8d0a15b475d2c64",
                "sha256:14c2a87c65b351109f6abfc424cab3927b3bdece6f706e4d12faaf3d52ee5efe",
                "sha256:1606f4a55c0fd363d754049cdf400175ee96c992b1f8018b993941f221221c5f",
                "sha256:16a8770207946ac75703458e2c743631c79c59c5890c80011d536248f8eaa432",
                "sha256:18343b2d246dc6761a249ba1fb13f9ee9a2bcd95decc767319506056ea4ad4dc",
                "sha256:18b97b8404387b96cdbd30ad660f6407799126d26a39ca65729162fd810a99aa",
                "sha256:1bb60174149316da1c35fa5233681f7c0f9f514509b8e399ab70fea5f17e45c9",
                "sha256:1e8ac75d72fa3775e0b7cb7e4629cec13b7514d928d15ef8ea06bca03ef01cae",
                "sha256:1ef99f0456d3d46a50945c98de1774da86f8e992ab5c77865ea8b8195341fc19",
                "sha256:2001a39612b241dae17b4687898843f254f8748b796a2e16f1051a17078d991d",
                "sha256:23b6b24d74478dc833444cbd927c338349d6ae852ba53a0d02a2de1fce45b96e",
                "sha256:252098c8c7a873e17dd696ed98bbe91dbacd571da4b87df3736768efa7a792e4",
                "sha256:257f26fed7d7ff59921b78244f3cd93ed2af1800ff048c33f624c87475819dd7",
                "sha256:2c322db9c8c89009a990ef07c3bcc9f011a3269bc06782f916cd3d9eed7c9312",
                "sha256:30a96e1e1f865f78b030d65241c1ee850cdf422d869e9028e2fc1d5e4db73b92",
                "sha256:30d006f98569de3459c2fc1f2acde170b7b2bd265dc1943e87e1a4efe1b67c31",
                "sha256:31a9a6f775f9bcd865d88ee350f0ffb0e25936a7f930ca98995c05abf1faf21c",
                "sha256:320e8e66157cc4e247d9ddca8e21f427efc7a04bbd0ac8a9faf56583fa543f9f",
                "sha256:34a7f768e3f985abdb42841e20e17b330ad3aaf4bb7e7aeeb73db2e70f077b99",
                "sha256:3653fad4fe3ed447a596ae8638b437f827234f01a8cd801842e43f3d0a6b281b",
                "sha256:3cd35b7e8aedeb9e34c41385fda4f73ba609e561faedfae0a9e75e44ac558a15",
                "sha256:3cfb2aad70f2c6debfbcb717f23b7eb55febc0bb23dcffc0f076009da10c6392",
                "sha256:416175faf02e4b0810f1f38bcb54682878a4af94059a1cd63b8747244420801f",
                "sha256:41d1fc408ff5fdfb910200ec0e74abc40387bccb3252f3f27c0676731df2b2c8",
                "sha256:42e5088973e56e31e4fa58eb6bd709e42fc03799c11c42929592889a2e54c491",
                "sha256:4ca4c094de7771a98d7fbd67d9e5dbf1eb73efa4f744a730437d8a3a5cf994f0",
                "sha256:511729f456829ef86ac41ca78c63a5cb55240ed23b4b737faca0eb1abb1c41bc",
                "sha256:53cd68b185d98dde4ad8990e56a58dea83a4162161b1ea9272e5c9182ce415e0",
                "sha256:585f3b2a80fbd26b048a0be90c5aae8f06605d3c92615911c3a2b03a8a3b796f",
                "sha256:5b413b0b1bfd94dbf4023ad6945889f374cd24e3f62de58d6bb102c4d9ae534a",
                "sha256:5d8d01eac18c423815ed4f4a2ec3b439d654e55ee4ad610e153cf02faf67ea40",
                "sha256:6aab0f181c486f973bc7262a97f5aca3ee7e1437011ef0c2ec04b5a11d16c927",
                "sha256:6cf8fd4c04756b6b60146d98cd8a77d0cdae0e1ca20329da2ac85eed779b6849",
                "sha256:6fb70de56f1859a3f71261cbe41005f56a7842cc348d3aeb26237560bfa5e0ce",
                "sha256:6fce4b8500244f6fcb71465d4a4930d132ba9ab8e71a7859e6a5d59851068d14",
                "sha256:70bfc5f2c318afece2f5838ea5e4c3febada0be750fcf4775641052bbba14d05",
                "sha256:73dc19b562516fc9bcf6e5d6e596df0b4eb98d87e4f79f3ae71840e6ed21361c",
                "sha256:74d77e25adda8581ffc1c720f1c81ca082921329452eba58b16233ab1842141c",
                "sha256:78deba4d8f9590fe4dae384aeff04082510a709957e968753ff3c48399f6f92a",
                "sha256:86df271bf921c2ee3818f0522e9a5b8092ca2ad8b065ece5d7d9d0e9f4849bcc",
                "sha256:88ab34806dea0671532d3f82d82b85e8fc23d7b2dd12fa837978dad9bb392a34",
                "sha256:8999f965f922ae054125286faf9f11bc6932184b93011d138925a1773830bbe9",
                "sha256:8dcfc373f888e4fb39a7bc57e93e3b845e7f462dacc008d9749568b1c4ece096",
                "sha256:939578d9d8fd4299220161fdd76e86c6a251987476f5243e8864a7844476ba14",
                "sha256:96b2b3d1a83ad55310de8c7b4a2d04d9277d5591f40761274856635acc5fcb30",
                "sha256:a2d08ac246bb48479170408d6c19f6385fa743e7157d716e144cad849b2dd94b",
                "sha256:b256ee2e749283ef3ddcff51a675ff43798d92d746d1a6e4631bf8c707d22d0b",
                "sha256:b5e3b2d152e74e100a9e9573837aba24aab611d39428ded46f4e4022ea7d1942",
                "sha256:b89bc04de1d83006373429975f8ef9e7932534b8cc9ca582e4db7d20d91816db",
                "sha256:bd28b817ea8c70215401f657edef3a8aa83c29d447fb0b622c35403780ba11d5",
                "sha256:c60e092517a73c632ec38e290eba714e9627abe9d301c8c8a12ec32c314a2a4b",
                "sha256:c6dbd0ccdda3a2ba7c2ecd9d77b37f3b5831687d8dc1b6ca5f56a4880cc7b7ce",
                "sha256:c6e490913a46fa054e03699c70019ab869e990270597018cef1d8562132c2669",
                "sha256:c6f162aabe9a91a309510d74eeb6507fab5fff92337a15acbe77753d88d9dcf0",
                "sha256:c6fd51128a41297f5409deab284fecbe5305ebd7e5a1f959bee1c054622b7018",
                "sha256:cc34f233c9e71701040d772aa7490318673aa7164a0efe3172b2981218c26d93",
                "sha256:cc9370a2da1ac13f0153780040f465839e6cccb4a1e44810124b4e22483c93fe",
                "sha256:ccf600859c183d70eb47e05a44cd80a4ce77394d1ac0f79dbd2dd90a69a3a049",
                "sha256:ce571ab16d890d23b5c278547ba694193a45011ff86a9162a71307ed9f86759a",
                "sha256:cf1ebb7d78e1ad8ec2a8c4732c7be2e736f6e5123a4146c5b89c9d1f585f8cef",
                "sha256:d0e909868420b7049dafd3a31d45125b31143eec59235311fc4c57ea26a4acd2",
                "sha256:d22dbedd33326a4a5190dd4fe9e9e693ef12160c77382d9e87919bce54f3d4ca",
                "sha256:d716a916938e03231e86e43782ca7878fb602a125a91e7acb8b5112e2e96ac16",
                "sha256:d79c198e27580c8e958906f803e63cddb77653731be08851c7df0b1a14a8fc0f",
                "sha256:d95bfb53c211b57198bb91c46dd5a2d8018b3af446583aab40074bf7988401cb",
                "sha256:e28e334d3ff134e88989d90ba04b47d84382a828c061d0d1027b1b12a62b39b1",
                "sha256:ec557499516fc90fd374bf2e32349a2887a876fbf162c160e3c01b6849eaf557",
                "sha256:fb6fecfd65564f208cbf0fba07f107fb661bcd1a7c389edbced3f7a493f70e37",
                "sha256:fb731e5deb0c7ef82d698b0f4c5bb724633ee2a489401594c5c88b02e6cb15f7",
                "sha256:fb7f67a1bfa6e40b438170ebdc8158b78dc465a5a67b6dde178a46987b244a72",
                "sha256:fd10de089bcdcd1be95a2f73dbe6254798ec1bda9f450d5828c96f93e2536b9c",
                "sha256:fdabf8315679312cfa71302f9bd509ded4f2f263fb5b765cf1433b39106c3cc9"
            ],
            "index": "pypi",
            "markers": "python_version >= '3.7'",
            "version": "==3.4.3"
        },
        "dj-database-url": {
            "hashes": [
                "sha256:43950018e1eeea486bf11136384aec0fe55b29fe6fd8a44553231b85661d9383",
                "sha256:8994961efb888fc6bf8c41550870c91f6f7691ca751888ebaa71442b7f84eff8"
            ],
            "index": "pypi",
            "version": "==3.0.1"
        },
        "django": {
            "hashes": [
                "sha256:29019a5763dbd48da1720d687c3522ef40d1c61be6fb2fad27ed79e9f655bc11",
                "sha256:e762bef8629ee704de215ebbd32062b84f4e56327eed412e5544f6f6eb1dfd74"
            ],
            "index": "pypi",
            "markers": "python_version >= '3.10'",
            "version": "==5.0.14"
        },
        "gunicorn": {
            "hashes": [
                "sha256:ec400d38950de4dfd418cff8328b2c8faed0edb0d517d3394e457c317908ca4d",
                "sha256:f014447a0101dc57e294f6c18ca6b40227a4c90e9bdb586042628030cba004ec"
            ],
            "index": "pypi",
            "markers": "python_version >= '3.7'",
            "version": "==23.0.0"
        },
        "idna": {
            "hashes": [
                "sha256:12f65c9b470abda6dc35cf8e63cc574b1c52b11df2c86030af0ac09b01b13ea9",
                "sha256:946d195a0d259cbba61165e88e65941f16e9b36ea6ddb97f00452bae8b1287d3"
            ],
            "index": "pypi",
            "markers": "python_version >= '3.6'",
            "version": "==3.10"
        },
        "packaging": {
            "hashes": [
                "sha256:29572ef2b1f17581046b3a2227d5c611fb25ec70ca1ba8554b24b0e69331a484",
                "sha256:d443872c98d677bf60f6a1f2f8c1cb748e8fe762d2bf9d3148b5599295b0fc4f"
            ],
            "markers": "python_version >= '3.8'",
            "version": "==25.0"
        },
        "pillow": {
            "hashes": [
                "sha256:0869154a2d0546545cde61d1789a6524319fc1897d9ee31218eae7a60ccc5643",
                "sha256:09f2d0abef9e4e2f349305a4f8cc784a8a6c2f58a8c4892eea13b10a943bd26e",
                "sha256:0b817e7035ea7f6b942c13aa03bb554fc44fea70838ea21f8eb31c638326584e",
                "sha256:0fd00cac9c03256c8b2ff58f162ebcd2587ad3e1f2e397eab718c47e24d231cc",
                "sha256:110486b79f2d112cf6add83b28b627e369219388f64ef2f960fef9ebaf54c642",
                "sha256:1979f4566bb96c1e50a62d9831e2ea2d1211761e5662afc545fa766f996632f6",
                "sha256:1ac11e8ea4f611c3c0147424eae514028b5e9077dd99ab91e1bd7bc33ff145e1",
                "sha256:1b1b133e6e16105f524a8dec491e0586d072948ce15c9b914e41cdadd209052b",
                "sha256:1ee80a59f6ce048ae13cda1abf7fbd2a34ab9ee7d401c46be3ca685d1999a399",
                "sha256:21f241bdd5080a15bc86d3466a9f6074a9c2c2b314100dd896ac81ee6db2f1ba",
                "sha256:266cd5f2b63ff316d5a1bba46268e603c9caf5606d44f38c2873c380950576ad",
                "sha256:26d9f7d2b604cd23aba3e9faf795787456ac25634d82cd060556998e39c6fa47",
                "sha256:27f95b12453d165099c84f8a8bfdfd46b9e4bda9e0e4b65f0635430027f55739",
                "sha256:2c54c1a783d6d60595d3514f0efe9b37c8808746a66920315bfd34a938d7994b",
                "sha256:2fa5f0b6716fc88f11380b88b31fe591a06c6315e955c096c35715788b339e3f",
                "sha256:32ed80ea8a90ee3e6fa08c21e2e091bba6eda8eccc83dbc34c95169507a91f10",
                "sha256:3830c769decf88f1289680a59d4f4c46c72573446352e2befec9a8512104fa52",
                "sha256:38df9b4bfd3db902c9c2bd369bcacaf9d935b2fff73709429d95cc41554f7b3d",
                "sha256:3adfb466bbc544b926d50fe8f4a4e6abd8c6bffd28a26177594e6e9b2b76572b",
                "sha256:3e42edad50b6909089750e65c91aa09aaf1e0a71310d383f11321b27c224ed8a",
                "sha256:4078242472387600b2ce8d93ade8899c12bf33fa89e55ec89fe126e9d6d5d9e9",
                "sha256:455247ac8a4cfb7b9bc45b7e432d10421aea9fc2e74d285ba4072688a74c2e9d",
                "sha256:4cc6b3b2efff105c6a1656cfe59da4fdde2cda9af1c5e0b58529b24525d0a098",
                "sha256:4cf7fed4b4580601c4345ceb5d4cbf5a980d030fd5ad07c4d2ec589f95f09905",
                "sha256:5193fde9a5f23c331ea26d0cf171fbf67e3f247585f50c08b3e205c7aeb4589b",
                "sha256:5269cc1caeedb67e6f7269a42014f381f45e2e7cd42d834ede3c703a1d915fe3",
                "sha256:53561a4ddc36facb432fae7a9d8afbfaf94795414f5cdc5fc52f28c1dca90371",
                "sha256:55f818bd74fe2f11d4d7cbc65880a843c4075e0ac7226bc1a23261dbea531953",
                "sha256:58eea5ebe51504057dd95c5b77d21700b77615ab0243d8152793dc00eb4faf01",
                "sha256:5d5c411a8eaa2299322b647cd932586b1427367fd3184ffbb8f7a219ea2041ca",
                "sha256:6846bd2d116ff42cba6b646edf5bf61d37e5cbd256425fa089fee4ff5c07a99e",
                "sha256:6ace95230bfb7cd79ef66caa064bbe2f2a1e63d93471c3a2e1f1348d9f22d6b7",
                "sha256:6e51b71417049ad6ab14c49608b4a24d8fb3fe605e5dfabfe523b58064dc3d27",
                "sha256:71db6b4c1653045dacc1585c1b0d184004f0d7e694c7b34ac165ca70c0838082",
                "sha256:7438839e9e053ef79f7112c881cef684013855016f928b168b81ed5835f3e75e",
                "sha256:759de84a33be3b178a64c8ba28ad5c135900359e85fb662bc6e403ad4407791d",
                "sha256:792a2c0be4dcc18af9d4a2dfd8a11a17d5e25274a1062b0ec1c2d79c76f3e7f8",
                "sha256:7d87ef5795da03d742bf49439f9ca4d027cde49c82c5371ba52464aee266699a",
                "sha256:7dfb439562f234f7d57b1ac6bc8fe7f838a4bd49c79230e0f6a1da93e82f1fad",
                "sha256:7fa22993bac7b77b78cae22bad1e2a987ddf0d9015c63358032f84a53f23cdc3",
                "sha256:805ebf596939e48dbb2e4922a1d3852cfc25c38160751ce02da93058b48d252a",
                "sha256:82240051c6ca513c616f7f9da06e871f61bfd7805f566275841af15015b8f98d",
                "sha256:87d4f8125c9988bfbed67af47dd7a953e2fc7b0cc1e7800ec6d2080d490bb353",
                "sha256:8d8ca2b210ada074d57fcee40c30446c9562e542fc46aedc19baf758a93532ee",
                "sha256:8dc232e39d409036af549c86f24aed8273a40ffa459981146829a324e0848b4b",
                "sha256:90387104ee8400a7b4598253b4c406f8958f59fcf983a6cea2b50d59f7d63d0b",
                "sha256:905b0365b210c73afb0ebe9101a32572152dfd1c144c7e28968a331b9217b94a",
                "sha256:99353a06902c2e43b43e8ff74ee65a7d90307d82370604746738a1e0661ccca7",
                "sha256:99a7f72fb6249302aa62245680754862a44179b545ded638cf1fef59befb57ef",
                "sha256:9f0b04c6b8584c2c193babcccc908b38ed29524b29dd464bc8801bf10d746a3a",
                "sha256:9fe611163f6303d1619bbcb653540a4d60f9e55e622d60a3108be0d5b441017a",
                "sha256:a3475b96f5908b3b16c47533daaa87380c491357d197564e0ba34ae75c0f3257",
                "sha256:a6597ff2b61d121172f5844b53f21467f7082f5fb385a9a29c01414463f93b07",
                "sha256:a7921c5a6d31b3d756ec980f2f47c0cfdbce0fc48c22a39347a895f41f4a6ea4",
                "sha256:aa5129de4e174daccbc59d0a3b6d20eaf24417d59851c07ebb37aeb02947987c",
                "sha256:aeaefa96c768fc66818730b952a862235d68825c178f1b3ffd4efd7ad2edcb7c",
                "sha256:afbefa430092f71a9593a99ab6a4e7538bc9eabbf7bf94f91510d3503943edc4",
                "sha256:aff9e4d82d082ff9513bdd6acd4f5bd359f5b2c870907d2b0a9c5e10d40c88fe",
                "sha256:b22bd8c974942477156be55a768f7aa37c46904c175be4e158b6a86e3a6b7ca8",
                "sha256:b290fd8aa38422444d4b50d579de197557f182ef1068b75f5aa8558638b8d0a5",
                "sha256:b2e4b27a6e15b04832fe9bf292b94b5ca156016bbc1ea9c2c20098a0320d6cf6",
                "sha256:b583dc9070312190192631373c6c8ed277254aa6e6084b74bdd0a6d3b221608e",
                "sha256:b87843e225e74576437fd5b6a4c2205d422754f84a06942cfaf1dc32243e45a8",
                "sha256:bc91a56697869546d1b8f0a3ff35224557ae7f881050e99f615e0119bf934b4e",
                "sha256:bd87e140e45399c818fac4247880b9ce719e4783d767e030a883a970be632275",
                "sha256:bde737cff1a975b70652b62d626f7785e0480918dece11e8fef3c0cf057351c3",
                "sha256:bdee52571a343d721fb2eb3b090a82d959ff37fc631e3f70422e0c2e029f3e76",
                "sha256:bee2a6db3a7242ea309aa7ee8e2780726fed67ff4e5b40169f2c940e7eb09227",
                "sha256:beeae3f27f62308f1ddbcfb0690bf44b10732f2ef43758f169d5e9303165d3f9",
                "sha256:c50f36a62a22d350c96e49ad02d0da41dbd17ddc2e29750dbdba4323f85eb4a5",
                "sha256:c607c90ba67533e1b2355b821fef6764d1dd2cbe26b8c1005ae84f7aea25ff79",
                "sha256:c7b2a63fd6d5246349f3d3f37b14430d73ee7e8173154461785e43036ffa96ca",
                "sha256:c828a1ae702fc712978bda0320ba1b9893d99be0badf2647f693cc01cf0f04fa",
                "sha256:c85de1136429c524e55cfa4e033b4a7940ac5c8ee4d9401cc2d1bf48154bbc7b",
                "sha256:c98fa880d695de164b4135a52fd2e9cd7b7c90a9d8ac5e9e443a24a95ef9248e",
                "sha256:cae81479f77420d217def5f54b5b9d279804d17e982e0f2fa19b1d1e14ab5197",
                "sha256:d034140032870024e6b9892c692fe2968493790dd57208b2c37e3fb35f6df3ab",
                "sha256:d120c38a42c234dc9a8c5de7ceaaf899cf33561956acb4941653f8bdc657aa79",
                "sha256:d4827615da15cd59784ce39d3388275ec093ae3ee8d7f0c089b76fa87af756c2",
                "sha256:d49e2314c373f4c2b39446fb1a45ed333c850e09d0c59ac79b72eb3b95397363",
                "sha256:d52610d51e265a51518692045e372a4c363056130d922a7351429ac9f27e70b0",
                "sha256:d64317d2587c70324b79861babb9c09f71fbb780bad212018874b2c013d8600e",
                "sha256:d77153e14b709fd8b8af6f66a3afbb9ed6e9fc5ccf0b6b7e1ced7b036a228782",
                "sha256:d7e091d464ac59d2c7ad8e7e08105eaf9dafbc3883fd7265ffccc2baad6ac925",
                "sha256:dd333073e0cacdc3089525c7df7d39b211bcdf31fc2824e49d01c6b6187b07d0",
                "sha256:e5d8efac84c9afcb40914ab49ba063d94f5dbdf5066db4482c66a992f47a3a3b",
                "sha256:f135c702ac42262573fe9714dfe99c944b4ba307af5eb507abef1667e2cbbced",
                "sha256:f13711b1a5ba512d647a0e4ba79280d3a9a045aaf7e0cc6fbe96b91d4cdf6b0c",
                "sha256:f4f1231b7dec408e8670264ce63e9c71409d9583dd21d32c163e25213ee2a344",
                "sha256:fa3ed2a29a9e9d2d488b4da81dcb54720ac3104a20bf0bd273f1e4648aff5af9",
                "sha256:fb3096c30df99fd01c7bf8e544f392103d0795b9f98ba71a8054bcbf56b255f1"
            ],
            "index": "pypi",
            "markers": "python_version >= '3.10'",
            "version": "==12.0.0"
        },
        "psycopg": {
            "extras": [
                "binary"
            ],
            "hashes": [
                "sha256:85c08d6f6e2a897b16280e0ff6406bef29b1327c045db06d21f364d7cd5da90b",
                "sha256:8a1611a2d4c16ae37eada46438be9029a35bb959bb50b3d0e1e93c0f3d54c9ee"
            ],
            "markers": "python_version >= '3.8'",
            "version": "==3.2.12"
        },
        "psycopg-binary": {
            "hashes": [
                "sha256:095ccda59042a1239ac2fefe693a336cb5cecf8944a8d9e98b07f07e94e2b78d",
                "sha256:0afb71a99871a41dd677d207c6a988d978edde5d6a018bafaed4f9da45357055",
                "sha256:100fdfee763d701f6da694bde711e264aca4c2bc84fb81e1669fb491ce11d219",
                "sha256:13cd057f406d2c8063ae8b489395b089a7f23c39aff223b5ea39f0c4dd640550",
                "sha256:15e226f0d8af85cc8b2435b2e9bc6f0d40febc79eef76cf20fceac4d902a6a7b",
                "sha256:16db2549a31ccd4887bef05570d95036813ce25fd9810b523ba1c16b0f6cfd90",
                "sha256:1c1dbeb8e97d00a33dfa9987776ce3d1c1e4cc251dfbd663b8f9e173f5c89d17",
                "sha256:1d7cedecbe0bb60a2e72b1613fba4072a184a6472d6cc9aa99e540217f544e3e",
                "sha256:2598d0e4f2f258da13df0560187b3f1dfc9b8688c46b9d90176360ae5212c3fc",
                "sha256:26b5927b5880b396231ab6190ee5c8fb47ed3f459b53504ed5419faaf16d3bfb",
                "sha256:294f08b014f08dfd3c9b72408f5e1a0fd187bd86d7a85ead651e32dbd47aa038",
                "sha256:2aa80ca8d17266507bef853cecefa7d632ffd087883ee7ca92b8a7ea14a1e581",
                "sha256:2d55009eeddbef54c711093c986daaf361d2c4210aaa1ee905075a3b97a62441",
                "sha256:310c95a68a9b948b89d6d187622757d57b6c26cece3c3f7c2cbb645ee36531b2",
                "sha256:32b3e12d9441508f9c4e1424f4478b1a518a90a087cd54be3754e74954934194",
                "sha256:356b4266e5cde7b5bbcf232f549dedf7fbed4983daa556042bdec397780e044d",
                "sha256:385c7b5cfffac115f413b8e32c941c85ea0960e0b94a6ef43bb260f774c54893",
                "sha256:3c1e38b1eda54910628f68448598139a9818973755abf77950057372c1fe89a6",
                "sha256:3e9c9e64fb7cda688e9488402611c0be2c81083664117edcc709d15f37faa30f",
                "sha256:442f20153415f374ae5753ca618637611a41a3c58c56d16ce55f845d76a3cf7b",
                "sha256:489b154891f1c995355adeb1077ee3479e9c9bada721b93270c20243bbad6542",
                "sha256:48a8e29f3e38fcf8d393b8fe460d83e39c107ad7e5e61cd3858a7569e0554a39",
                "sha256:49582c3b6d578bdaab2932b59f70b1bd93351ed4d594b2c97cea1611633c9de1",
                "sha256:58ed30d33c25d7dc8d2f06285e88493147c2a660cc94713e4b563a99efb80a1f",
                "sha256:5b6e505618cb376a7a7d6af86833a8f289833fe4cc97541d7100745081dc31bd",
                "sha256:66a031f22e4418016990446d3e38143826f03ad811b9f78f58e2afbc1d343f7a",
                "sha256:6a898717ab560db393355c6ecf39b8c534f252afc3131480db1251e061090d3a",
                "sha256:7130effd0517881f3a852eff98729d51034128f0737f64f0d1c7ea8343d77bd7",
                "sha256:72fd979e410ba7805462817ef8ed6f37dd75f9f4ae109bdb8503e013ccecb80b",
                "sha256:77690f0bf08356ca00fc357f50a5980c7a25f076c2c1f37d9d775a278234fefd",
                "sha256:79de3cc5adbf51677009a8fda35ac9e9e3686d5595ab4b0c43ec7099ece6aeb5",
                "sha256:7b9a99ded7d19b24d3b6fa632b58e52bbdecde7e1f866c3b23d0c27b092af4e3",
                "sha256:802bd01fb18a0acb0dea491f69a9a2da6034f33329a62876ab5b558a1fb66b45",
                "sha256:8335d989a4e94df2ccd8a1acbba9d03c4157ea8d73b65b79d447c6dc10b001d8",
                "sha256:89b3c5201ca616d69ca0c3c0003ca18f7170a679c445c7e386ebfb4f29aa738e",
                "sha256:8ffe75fe6be902dadd439adf4228c98138a992088e073ede6dd34e7235f4e03e",
                "sha256:909de94de7dd4d6086098a5755562207114c9638ec42c52d84c8a440c45fe084",
                "sha256:940ac69ef6e89c17b3d30f3297a2ad03efdd06a4b1857f81bc533a9108a90eb9",
                "sha256:95f2806097a49bfd57e0c6a178f77b99487c53c157d9d507aee9c40dd58efdb4",
                "sha256:9c674887d1e0d4384c06c822bc7fcfede4952742e232ec1e76b5a6ae39a3ddd4",
                "sha256:9fdf3a0c24822401c60c93640da69b3dfd4d9f29c3a8d797244fe22bfe592823",
                "sha256:ab02b7d138768fd6ac4230e45b073f7b9fd688d88c04f24c34df4a250a94d066",
                "sha256:acb1811219a4144539f0baee224a11a2aa323a739c349799cf52f191eb87bc52",
                "sha256:bfd632f7038c76b0921f6d5621f5ba9ecabfad3042fa40e5875db11771d2a5de",
                "sha256:ce68839da386f137bc8d814fdbeede8f89916b8605e3593a85b504a859243af9",
                "sha256:d369e79ad9647fc8217cbb51bbbf11f9a1ffca450be31d005340157ffe8e91b3",
                "sha256:dc68094e00a5a7e8c20de1d3a0d5e404a27f522e18f8eb62bbbc9f865c3c81ef",
                "sha256:deeb06b7141f3a577c3aa8562307e2747580ae43d705a0482603a2c1f110d046",
                "sha256:e0b5ccd03ca4749b8f66f38608ccbcb415cbd130d02de5eda80d042b83bee90e",
                "sha256:ea049c8d33c4f4e6b030d5a68123c0ccd2ffb77d4035f073db97187b49b6422f",
                "sha256:ea9751310b840186379c949ede5a5129b31439acdb929f3003a8685372117ed8",
                "sha256:ec82fa5134517af44e28a30c38f34384773a0422ffd545fd298433ea9f2cc5a9",
                "sha256:eedc410f82007038030650aa58f620f9fe0009b9d6b04c3dc71cbd3bae5b2675",
                "sha256:ef40601b959cc1440deaf4d53472ab54fa51036c37189cf3fe5500559ac25347",
                "sha256:ef92d5ba6213de060d1390b1f71f5c3b2fbb00b4d55edee39f3b07234538b64a",
                "sha256:efab679a2c7d1bf7d0ec0e1ecb47fe764945eff75bb4321f2e699b30a12db9b3",
                "sha256:f33c9e12ed05e579b7fb3c8fdb10a165f41459394b8eb113e7c377b2bd027f61",
                "sha256:f3bae4be7f6781bf6c9576eedcd5e1bb74468126fa6de991e47cdb1a8ea3a42a",
                "sha256:f6ba1fe35fd215813dac4544a5ffc90f13713b29dd26e9e5be97ba53482bf6d6",
                "sha256:f7c81bc60560be9eb3c23601237765069ebfa9881097ce19ca6b5ea17c5faa8f",
                "sha256:f8107968a9eadb451cfa6cf86036006fdde32a83cd39c26c9ca46765e653b547",
                "sha256:f821e0c8a8fdfddfa71acb4f462d7a4c5aae1655f3f5e078970dbe9f19027386"
            ],
            "markers": "python_version >= '3.8'",
            "version": "==3.2.12"
        },
        "psycopg2": {
            "hashes": [
                "sha256:103e857f46bb76908768ead4e2d0ba1d1a130e7b8ed77d3ae91e8b33481813e8",
                "sha256:210daed32e18f35e3140a1ebe059ac29209dd96468f2f7559aa59f75ee82a5cb",
                "sha256:6ecddcf573777536bddfefaea8079ce959287798c8f5804bee6933635d538924",
                "sha256:8dc379166b5b7d5ea66dcebf433011dfc51a7bb8a5fc12367fa05668e5fc53c8",
                "sha256:964d31caf728e217c697ff77ea69c2ba0865fa41ec20bb00f0977e62fdcc52e3",
                "sha256:e03e4a6dbe87ff81540b434f2e5dc2bddad10296db5eea7bdc995bf5f4162938",
                "sha256:f10a48acba5fe6e312b891f290b4d2ca595fc9a06850fe53320beac353575578"
            ],
            "index": "pypi",
            "markers": "python_version >= '3.9'",
            "version": "==2.9.11"
        },
        "psycopg2-binary": {
            "hashes": [
                "sha256:00ce1830d971f43b667abe4a56e42c1e2d594b32da4802e44a73bacacb25535f",
                "sha256:04195548662fa544626c8ea0f06561eb6203f1984ba5b4562764fbeb4c3d14b1",
                "sha256:0da4de5c1ac69d94ed4364b6cbe7190c1a70d325f112ba783d83f8440285f152",
                "sha256:0e8480afd62362d0a6a27dd09e4ca2def6fa50ed3a4e7c09165266106b2ffa10",
                "sha256:20e7fb94e20b03dcc783f76c0865f9da39559dcc0c28dd1a3fce0d01902a6b9c",
                "sha256:2c226ef95eb2250974bf6fa7a842082b31f68385c4f3268370e3f3870e7859ee",
                "sha256:2d11098a83cca92deaeaed3d58cfd150d49b3b06ee0d0852be466bf87596899e",
                "sha256:2e164359396576a3cc701ba8af4751ae68a07235d7a380c631184a611220d9a4",
                "sha256:304fd7b7f97eef30e91b8f7e720b3db75fee010b520e434ea35ed1ff22501d03",
                "sha256:31b32c457a6025e74d233957cc9736742ac5a6cb196c6b68499f6bb51390bd6a",
                "sha256:32770a4d666fbdafab017086655bcddab791d7cb260a16679cc5a7338b64343b",
                "sha256:366df99e710a2acd90efed3764bb1e28df6c675d33a7fb40df9b7281694432ee",
                "sha256:37d8412565a7267f7d79e29ab66876e55cb5e8e7b3bbf94f8206f6795f8f7e7e",
                "sha256:4012c9c954dfaccd28f94e84ab9f94e12df76b4afb22331b1f0d3154893a6316",
                "sha256:41360b01c140c2a03d346cec3280cf8a71aa07d94f3b1509fa0161c366af66b4",
                "sha256:44fc5c2b8fa871ce7f0023f619f1349a0aa03a0857f2c96fbc01c657dcbbdb49",
                "sha256:47f212c1d3be608a12937cc131bd85502954398aaa1320cb4c14421a0ffccf4c",
                "sha256:4bdab48575b6f870f465b397c38f1b415520e9879fdf10a53ee4f49dcbdf8a21",
                "sha256:4dca1f356a67ecb68c81a7bc7809f1569ad9e152ce7fd02c2f2036862ca9f66b",
                "sha256:5c6ff3335ce08c75afaed19e08699e8aacf95d4a260b495a4a8545244fe2ceb3",
                "sha256:5f3f2732cf504a1aa9e9609d02f79bea1067d99edf844ab92c247bbca143303b",
                "sha256:62b6d93d7c0b61a1dd6197d208ab613eb7dcfdcca0a49c42ceb082257991de9d",
                "sha256:691c807d94aecfbc76a14e1408847d59ff5b5906a04a23e12a89007672b9e819",
                "sha256:763c93ef1df3da6d1a90f86ea7f3f806dc06b21c198fa87c3c25504abec9404a",
                "sha256:84011ba3109e06ac412f95399b704d3d6950e386b7994475b231cf61eec2fc1f",
                "sha256:865f9945ed1b3950d968ec4690ce68c55019d79e4497366d36e090327ce7db14",
                "sha256:875039274f8a2361e5207857899706da840768e2a775bf8c65e82f60b197df02",
                "sha256:8b81627b691f29c4c30a8f322546ad039c40c328373b11dff7490a3e1b517855",
                "sha256:8c55b385daa2f92cb64b12ec4536c66954ac53654c7f15a203578da4e78105c0",
                "sha256:91537a8df2bde69b1c1db01d6d944c831ca793952e4f57892600e96cee95f2cd",
                "sha256:92e3b669236327083a2e33ccfa0d320dd01b9803b3e14dd986a4fc54aa00f4e1",
                "sha256:9b52a3f9bb540a3e4ec0f6ba6d31339727b2950c9772850d6545b7eae0b9d7c5",
                "sha256:9bd81e64e8de111237737b29d68039b9c813bdf520156af36d26819c9a979e5f",
                "sha256:9c55460033867b4622cda1b6872edf445809535144152e5d14941ef591980edf",
                "sha256:9d3a9edcfbe77a3ed4bc72836d466dfce4174beb79eda79ea155cc77237ed9e8",
                "sha256:a1cf393f1cdaf6a9b57c0a719a1068ba1069f022a59b8b1fe44b006745b59757",
                "sha256:a28d8c01a7b27a1e3265b11250ba7557e5f72b5ee9e5f3a2fa8d2949c29bf5d2",
                "sha256:a311f1edc9967723d3511ea7d2708e2c3592e3405677bf53d5c7246753591fbb",
                "sha256:a6c0e4262e089516603a09474ee13eabf09cb65c332277e39af68f6233911087",
                "sha256:ab8905b5dcb05bf3fb22e0cf90e10f469563486ffb6a96569e51f897c750a76a",
                "sha256:b31e90fdd0f968c2de3b26ab014314fe814225b6c324f770952f7d38abf17e3c",
                "sha256:b33fabeb1fde21180479b2d4667e994de7bbf0eec22832ba5d9b5e4cf65b6c6d",
                "sha256:b637d6d941209e8d96a072d7977238eea128046effbf37d1d8b2c0764750017d",
                "sha256:b6aed9e096bf63f9e75edf2581aa9a7e7186d97ab5c177aa6c87797cd591236c",
                "sha256:b8fb3db325435d34235b044b199e56cdf9ff41223a4b9752e8576465170bb38c",
                "sha256:ba34475ceb08cccbdd98f6b46916917ae6eeb92b5ae111df10b544c3a4621dc4",
                "sha256:be9b840ac0525a283a96b556616f5b4820e0526addb8dcf6525a0fa162730be4",
                "sha256:bf940cd7e7fec19181fdbc29d76911741153d51cab52e5c21165f3262125685e",
                "sha256:c0377174bf1dd416993d16edc15357f6eb17ac998244cca19bc67cdc0e2e5766",
                "sha256:c3cb3a676873d7506825221045bd70e0427c905b9c8ee8d6acd70cfcbd6e576d",
                "sha256:c47676e5b485393f069b4d7a811267d3168ce46f988fa602658b8bb901e9e64d",
                "sha256:c665f01ec8ab273a61c62beeb8cce3014c214429ced8a308ca1fc410ecac3a39",
                "sha256:cffe9d7697ae7456649617e8bb8d7a45afb71cd13f7ab22af3e5c61f04840908",
                "sha256:d526864e0f67f74937a8fce859bd56c979f5e2ec57ca7c627f5f1071ef7fee60",
                "sha256:d57c9c387660b8893093459738b6abddbb30a7eab058b77b0d0d1c7d521ddfd7",
                "sha256:d6fe6b47d0b42ce1c9f1fa3e35bb365011ca22e39db37074458f27921dca40f2",
                "sha256:db4fd476874ccfdbb630a54426964959e58da4c61c9feba73e6094d51303d7d8",
                "sha256:e0deeb03da539fa3577fcb0b3f2554a97f7e5477c246098dbb18091a4a01c16f",
                "sha256:e35b7abae2b0adab776add56111df1735ccc71406e56203515e228a8dc07089f",
                "sha256:ebb415404821b6d1c47353ebe9c8645967a5235e6d88f914147e7fd411419e6f",
                "sha256:edcb3aeb11cb4bf13a2af3c53a15b3d612edeb6409047ea0b5d6a21a9d744b34",
                "sha256:ef7a6beb4beaa62f88592ccc65df20328029d721db309cb3250b0aae0fa146c3",
                "sha256:efff12b432179443f54e230fdf60de1f6cc726b6c832db8701227d089310e8aa",
                "sha256:f07c9c4a5093258a03b28fab9b4f151aa376989e7f35f855088234e656ee6a94",
                "sha256:f090b7ddd13ca842ebfe301cd587a76a4cf0913b1e429eb92c1be5dbeb1a19bc",
                "sha256:fa0f693d3c68ae925966f0b14b8edda71696608039f4ed61b1fe9ffa468d16db",
                "sha256:fcf21be3ce5f5659daefd2b3b3b6e4727b028221ddc94e6c1523425579664747"
            ],
            "index": "pypi",
            "markers": "python_version >= '3.9'",
            "version": "==2.9.11"
        },
        "python-dotenv": {
            "hashes": [
                "sha256:42667e897e16ab0d66954af0e60a9caa94f0fd4ecf3aaf6d2d260eec1aa36ad6",
                "sha256:b81ee9561e9ca4004139c6cbba3a238c32b03e4894671e181b671e8cb8425d61"
            ],
            "index": "pypi",
            "markers": "python_version >= '3.9'",
            "version": "==1.2.1"
        },
        "requests": {
            "hashes": [
                "sha256:2462f94637a34fd532264295e186976db0f5d453d1cdd31473c85a6a161affb6",
                "sha256:dbba0bac56e100853db0ea71b82b4dfd5fe2bf6d3754a8893c3af500cec7d7cf"
            ],
            "index": "pypi",
            "markers": "python_version >= '3.9'",
            "version": "==2.32.5"
        },
        "sqlparse": {
            "hashes": [
                "sha256:09f67787f56a0b16ecdbde1bfc7f5d9c3371ca683cfeaa8e6ff60b4807ec9272",
                "sha256:cf2196ed3418f3ba5de6af7e82c694a9fbdbfecccdfc72e281548517081f16ca"
            ],
            "index": "pypi",
            "markers": "python_version >= '3.8'",
            "version": "==0.5.3"
        },
        "tzdata": {
            "hashes": [
                "sha256:1a403fada01ff9221ca8044d701868fa132215d84beb92242d9acd2147f667a8",
                "sha256:b60a638fcc0daffadf82fe0f57e53d06bdec2f36c4df66280ae79bce6bd6f2b9"
            ],
            "index": "pypi",
            "markers": "python_version >= '2'",
            "version": "==2025.2"
        },
        "urllib3": {
            "hashes": [
                "sha256:3fc47733c7e419d4bc3f6b3dc2b4f890bb743906a30d56ba4a5bfa4bbff92760",
                "sha256:e6b01673c0fa6a13e374b50871808eb3bf7046c4b125b216f6bf1cc604cff0dc"
            ],
            "index": "pypi",
            "markers": "python_version >= '3.9'",
            "version": "==2.5.0"
        },
        "whitenoise": {
            "hashes": [
                "sha256:0f5bfce6061ae6611cd9396a8231e088722e4fc67bc13a111be74c738d99375f",
                "sha256:b2aeb45950597236f53b5342b3121c5de69c8da0109362aee506ce88e022d258"
            ],
            "index": "pypi",
            "markers": "python_version >= '3.9'",
            "version": "==6.11.0"
        }
    },
    "develop": {}
}
